
Microsoft Visual Studio Solution File, Format Version 12.00
# Visual Studio Version 16
VisualStudioVersion = 16.0.30503.244
MinimumVisualStudioVersion = 10.0.40219.1
Project("{9A19103F-16F7-4668-BE54-9A1E7A4F7556}") = "HelloApp", "HelloApp\HelloApp.csproj", "{5DDDF5A4-3632-440B-AA95-EFE843197104}"
EndProject
Global
	GlobalSection(SolutionConfigurationPlatforms) = preSolution
		Debug|Any CPU = Debug|Any CPU
		Release|Any CPU = Release|Any CPU
	EndGlobalSection
	GlobalSection(ProjectConfigurationPlatforms) = postSolution
		{5DDDF5A4-3632-440B-AA95-EFE843197104}.Debug|Any CPU.ActiveCfg = Debug|Any CPU
		{5DDDF5A4-3632-440B-AA95-EFE843197104}.Debug|Any CPU.Build.0 = Debug|Any CPU
		{5DDDF5A4-3632-440B-AA95-EFE843197104}.Release|Any CPU.ActiveCfg = Release|Any CPU
		{5DDDF5A4-3632-440B-AA95-EFE843197104}.Release|Any CPU.Build.0 = Release|Any CPU
	EndGlobalSection
	GlobalSection(SolutionProperties) = preSolution
		HideSolutionNode = FALSE
	EndGlobalSection
	GlobalSection(ExtensibilityGlobals) = postSolution
		SolutionGuid = {025FD2F5-3947-414B-B4B0-B93B1200D2B8}
	EndGlobalSection
EndGlobal
